
Microsoft Visual Studio Solution File, Format Version 12.00
# Visual Studio Version 17
VisualStudioVersion = 17.5.33502.453
MinimumVisualStudioVersion = 10.0.40219.1
Project("{9A19103F-16F7-4668-BE54-9A1E7A4F7556}") = "app_Server", "app_Server.csproj", "{52F71C44-B5D2-4881-996A-503A7C2B492E}"
EndProject
Project("{9A19103F-16F7-4668-BE54-9A1E7A4F7556}") = "app_Client", "..\app_Client\app_Client.csproj", "{2BD21EB8-0FAF-4FFA-9701-7AEBE2EB0450}"
EndProject
Project("{9A19103F-16F7-4668-BE54-9A1E7A4F7556}") = "app_Models", "..\app_Models\app_Models.csproj", "{4159E52A-B8EE-42FF-BCEF-A1CC01C7F0BD}"
EndProject
Project("{9A19103F-16F7-4668-BE54-9A1E7A4F7556}") = "app_Business", "..\app_Business\app_Business.csproj", "{06C63DB6-A5E7-4B83-9DF2-B75E742B3CF4}"
EndProject
Project("{9A19103F-16F7-4668-BE54-9A1E7A4F7556}") = "app_Common", "..\app_Common\app_Common.csproj", "{6F4195D3-2E5B-4C08-8BA2-B00CCAA726CF}"
EndProject
Project("{9A19103F-16F7-4668-BE54-9A1E7A4F7556}") = "app_DataAccess", "..\app_DataAccess\app_DataAccess.csproj", "{ABB29F02-C48F-43AE-BCA0-391ABC5AFF09}"
EndProject
Project("{9A19103F-16F7-4668-BE54-9A1E7A4F7556}") = "AppWeb_API", "..\AppWeb_API\AppWeb_API.csproj", "{0C93DE26-E0B8-4041-A60B-EA0565B8639B}"
EndProject
Global
	GlobalSection(SolutionConfigurationPlatforms) = preSolution
		Debug|Any CPU = Debug|Any CPU
		Release|Any CPU = Release|Any CPU
	EndGlobalSection
	GlobalSection(ProjectConfigurationPlatforms) = postSolution
		{52F71C44-B5D2-4881-996A-503A7C2B492E}.Debug|Any CPU.ActiveCfg = Debug|Any CPU
		{52F71C44-B5D2-4881-996A-503A7C2B492E}.Debug|Any CPU.Build.0 = Debug|Any CPU
		{52F71C44-B5D2-4881-996A-503A7C2B492E}.Release|Any CPU.ActiveCfg = Release|Any CPU
		{52F71C44-B5D2-4881-996A-503A7C2B492E}.Release|Any CPU.Build.0 = Release|Any CPU
		{2BD21EB8-0FAF-4FFA-9701-7AEBE2EB0450}.Debug|Any CPU.ActiveCfg = Debug|Any CPU
		{2BD21EB8-0FAF-4FFA-9701-7AEBE2EB0450}.Debug|Any CPU.Build.0 = Debug|Any CPU
		{2BD21EB8-0FAF-4FFA-9701-7AEBE2EB0450}.Release|Any CPU.ActiveCfg = Release|Any CPU
		{2BD21EB8-0FAF-4FFA-9701-7AEBE2EB0450}.Release|Any CPU.Build.0 = Release|Any CPU
		{4159E52A-B8EE-42FF-BCEF-A1CC01C7F0BD}.Debug|Any CPU.ActiveCfg = Debug|Any CPU
		{4159E52A-B8EE-42FF-BCEF-A1CC01C7F0BD}.Debug|Any CPU.Build.0 = Debug|Any CPU
		{4159E52A-B8EE-42FF-BCEF-A1CC01C7F0BD}.Release|Any CPU.ActiveCfg = Release|Any CPU
		{4159E52A-B8EE-42FF-BCEF-A1CC01C7F0BD}.Release|Any CPU.Build.0 = Release|Any CPU
		{06C63DB6-A5E7-4B83-9DF2-B75E742B3CF4}.Debug|Any CPU.ActiveCfg = Debug|Any CPU
		{06C63DB6-A5E7-4B83-9DF2-B75E742B3CF4}.Debug|Any CPU.Build.0 = Debug|Any CPU
		{06C63DB6-A5E7-4B83-9DF2-B75E742B3CF4}.Release|Any CPU.ActiveCfg = Release|Any CPU
		{06C63DB6-A5E7-4B83-9DF2-B75E742B3CF4}.Release|Any CPU.Build.0 = Release|Any CPU
		{6F4195D3-2E5B-4C08-8BA2-B00CCAA726CF}.Debug|Any CPU.ActiveCfg = Debug|Any CPU
		{6F4195D3-2E5B-4C08-8BA2-B00CCAA726CF}.Debug|Any CPU.Build.0 = Debug|Any CPU
		{6F4195D3-2E5B-4C08-8BA2-B00CCAA726CF}.Release|Any CPU.ActiveCfg = Release|Any CPU
		{6F4195D3-2E5B-4C08-8BA2-B00CCAA726CF}.Release|Any CPU.Build.0 = Release|Any CPU
		{ABB29F02-C48F-43AE-BCA0-391ABC5AFF09}.Debug|Any CPU.ActiveCfg = Debug|Any CPU
		{ABB29F02-C48F-43AE-BCA0-391ABC5AFF09}.Debug|Any CPU.Build.0 = Debug|Any CPU
		{ABB29F02-C48F-43AE-BCA0-391ABC5AFF09}.Release|Any CPU.ActiveCfg = Release|Any CPU
		{ABB29F02-C48F-43AE-BCA0-391ABC5AFF09}.Release|Any CPU.Build.0 = Release|Any CPU
		{0C93DE26-E0B8-4041-A60B-EA0565B8639B}.Debug|Any CPU.ActiveCfg = Debug|Any CPU
		{0C93DE26-E0B8-4041-A60B-EA0565B8639B}.Debug|Any CPU.Build.0 = Debug|Any CPU
		{0C93DE26-E0B8-4041-A60B-EA0565B8639B}.Release|Any CPU.ActiveCfg = Release|Any CPU
		{0C93DE26-E0B8-4041-A60B-EA0565B8639B}.Release|Any CPU.Build.0 = Release|Any CPU
	EndGlobalSection
	GlobalSection(SolutionProperties) = preSolution
		HideSolutionNode = FALSE
	EndGlobalSection
	GlobalSection(ExtensibilityGlobals) = postSolution
		SolutionGuid = {EB300CC7-A666-4CD5-BD20-1EAD93D2FF4B}
	EndGlobalSection
EndGlobal
